{
  "version": 4,
  "terraform_version": "1.2.9",
  "serial": 7,
  "lineage": "7a2e77da-5652-6609-cebe-a6933a76f178",
  "outputs": {},
  "resources": [
    {
      "mode": "data",
      "type": "google_client_config",
      "name": "default",
      "provider": "provider[\"registry.terraform.io/hashicorp/google\"]",
      "instances": [
        {
          "schema_version": 0,
          "attributes": {
            "access_token": "ya29.c.b0AXv0zTOnSLJ8xYuJWBQdBqpHGXkJ3QooHg6y3jqlZoTeYBMwxY-hKLq1EHVX33upu5S5ZcKKtobCTrymO9MXC9h2rqPexiimjHm-YwzR9qvkwlin6fdWTgBLabFt4pXKjClBHt79d8Wu6NYajf7VfZE60jAseH4mc1DV1JtpZJDyRMkeW0_P99M2y5TacsdpzaEE8HDVRC-hDUBbssE1a2-nGD4cOwQo.......................................................................................................................................................................................................................................................................................................................................................................................................................................................................................................................................................................................................................................................................................................................................................................................................................",
            "id": "projects/keyproject-362417/regions/us-central/zones/",
            "project": "keyproject-362417",
            "region": "us-central",
            "zone": ""
          },
          "sensitive_attributes": []
        }
      ]
    },
    {
      "module": "module.gke",
      "mode": "data",
      "type": "google_compute_zones",
      "name": "available",
      "provider": "provider[\"registry.terraform.io/hashicorp/google\"]",
      "instances": [
        {
          "schema_version": 0,
          "attributes": {
            "id": "projects/keyproject-362417/regions/us-central1",
            "names": [
              "us-central1-a",
              "us-central1-b",
              "us-central1-c",
              "us-central1-f"
            ],
            "project": "keyproject-362417",
            "region": "us-central1",
            "status": null
          },
          "sensitive_attributes": []
        }
      ]
    },
    {
      "module": "module.gke",
      "mode": "data",
      "type": "google_container_engine_versions",
      "name": "region",
      "provider": "provider[\"registry.terraform.io/hashicorp/google\"]",
      "instances": [
        {
          "schema_version": 0,
          "attributes": {
            "default_cluster_version": "1.22.11-gke.400",
            "id": "2022-09-16 19:17:09.4757501 +0000 UTC",
            "latest_master_version": "1.24.3-gke.2100",
            "latest_node_version": "1.24.3-gke.2100",
            "location": "us-central1",
            "project": "keyproject-362417",
            "release_channel_default_version": {
              "RAPID": "1.24.3-gke.200",
              "REGULAR": "1.22.11-gke.400",
              "STABLE": "1.21.14-gke.700"
            },
            "valid_master_versions": [
              "1.24.3-gke.2100",
              "1.24.3-gke.900",
              "1.24.3-gke.200",
              "1.24.2-gke.1900",
              "1.23.9-gke.2100",
              "1.23.9-gke.900",
              "1.23.8-gke.1900",
              "1.22.12-gke.2300",
              "1.22.12-gke.1200",
              "1.22.12-gke.500",
              "1.22.12-gke.300",
              "1.22.11-gke.400",
              "1.22.10-gke.600",
              "1.21.14-gke.4300",
              "1.21.14-gke.3000",
              "1.21.14-gke.2700",
              "1.21.14-gke.2100",
              "1.21.14-gke.700",
              "1.21.13-gke.900",
              "1.20.15-gke.13700",
              "1.20.15-gke.13400",
              "1.20.15-gke.12800",
              "1.20.15-gke.11400"
            ],
            "valid_node_versions": [
              "1.24.3-gke.2100",
              "1.24.3-gke.900",
              "1.24.3-gke.200",
              "1.24.2-gke.1900",
              "1.24.2-gke.300",
              "1.24.1-gke.1800",
              "1.24.1-gke.1400",
              "1.23.9-gke.2100",
              "1.23.9-gke.900",
              "1.23.8-gke.1900",
              "1.23.8-gke.400",
              "1.23.7-gke.1400",
              "1.23.6-gke.2200",
              "1.23.6-gke.1700",
              "1.23.6-gke.1501",
              "1.23.6-gke.1500",
              "1.23.5-gke.2400",
              "1.23.5-gke.1503",
              "1.23.5-gke.1501",
              "1.22.12-gke.2300",
              "1.22.12-gke.1200",
              "1.22.12-gke.500",
              "1.22.12-gke.300",
              "1.22.11-gke.400",
              "1.22.10-gke.600",
              "1.22.9-gke.2000",
              "1.22.9-gke.1500",
              "1.22.9-gke.1300",
              "1.22.8-gke.2200",
              "1.22.8-gke.202",
              "1.22.8-gke.201",
              "1.22.8-gke.200",
              "1.22.7-gke.1500",
              "1.22.7-gke.1300",
              "1.22.7-gke.900",
              "1.22.7-gke.300",
              "1.22.6-gke.1000",
              "1.22.6-gke.300",
              "1.22.4-gke.1501",
              "1.22.3-gke.1500",
              "1.21.14-gke.4300",
              "1.21.14-gke.3000",
              "1.21.14-gke.2700",
              "1.21.14-gke.2100",
              "1.21.14-gke.700",
              "1.21.13-gke.900",
              "1.21.12-gke.2200",
              "1.21.12-gke.1700",
              "1.21.12-gke.1500",
              "1.21.11-gke.1900",
              "1.21.11-gke.1100",
              "1.21.11-gke.900",
              "1.21.10-gke.2000",
              "1.21.10-gke.1500",
              "1.21.10-gke.1300",
              "1.21.10-gke.400",
              "1.21.9-gke.1002",
              "1.21.9-gke.1001",
              "1.21.9-gke.1000",
              "1.21.9-gke.300",
              "1.21.6-gke.1503",
              "1.21.6-gke.1501",
              "1.21.6-gke.1500",
              "1.21.5-gke.1805",
              "1.21.5-gke.1802",
              "1.21.5-gke.1302",
              "1.21.5-gke.1300",
              "1.21.4-gke.2302",
              "1.21.4-gke.2300",
              "1.21.3-gke.2003",
              "1.21.3-gke.2001",
              "1.20.15-gke.13700",
              "1.20.15-gke.13400",
              "1.20.15-gke.12800",
              "1.20.15-gke.11400",
              "1.20.15-gke.9900",
              "1.20.15-gke.8700",
              "1.20.15-gke.8200",
              "1.20.15-gke.8000",
              "1.20.15-gke.6000",
              "1.20.15-gke.5200",
              "1.20.15-gke.5000",
              "1.20.15-gke.4100",
              "1.20.15-gke.3600",
              "1.20.15-gke.3400",
              "1.20.15-gke.2500",
              "1.20.15-gke.1000",
              "1.20.15-gke.300",
              "1.20.12-gke.1500",
              "1.20.11-gke.1801",
              "1.20.11-gke.1300",
              "1.20.10-gke.2100",
              "1.20.10-gke.1600",
              "1.20.10-gke.301",
              "1.20.9-gke.2100",
              "1.20.9-gke.1001",
              "1.20.9-gke.1000",
              "1.20.9-gke.701",
              "1.20.9-gke.700",
              "1.20.8-gke.2101",
              "1.20.8-gke.2100",
              "1.20.8-gke.900",
              "1.20.8-gke.700",
              "1.20.7-gke.2200",
              "1.20.7-gke.1800",
              "1.20.6-gke.1400",
              "1.20.6-gke.1000",
              "1.19.16-gke.15700",
              "1.19.16-gke.14500",
              "1.19.16-gke.14000",
              "1.19.16-gke.13800",
              "1.19.16-gke.11800",
              "1.19.16-gke.11000",
              "1.19.16-gke.10800",
              "1.19.16-gke.9900",
              "1.19.16-gke.9400",
              "1.19.16-gke.9200",
              "1.19.16-gke.8300",
              "1.19.16-gke.6800",
              "1.19.16-gke.6100",
              "1.19.16-gke.3600",
              "1.19.15-gke.1801",
              "1.19.15-gke.1300",
              "1.19.15-gke.500",
              "1.19.14-gke.2300",
              "1.19.14-gke.1900",
              "1.19.14-gke.301",
              "1.19.14-gke.300",
              "1.19.13-gke.1900",
              "1.19.13-gke.1200",
              "1.19.13-gke.701",
              "1.19.13-gke.700",
              "1.19.12-gke.2101",
              "1.19.12-gke.2100",
              "1.19.12-gke.1100",
              "1.19.12-gke.900",
              "1.19.12-gke.700",
              "1.19.11-gke.2101",
              "1.19.11-gke.2100",
              "1.19.11-gke.1701",
              "1.19.11-gke.1700",
              "1.19.10-gke.1701",
              "1.19.10-gke.1700",
              "1.19.10-gke.1601",
              "1.19.10-gke.1600",
              "1.19.10-gke.1001",
              "1.19.10-gke.1000",
              "1.19.9-gke.1900",
              "1.19.9-gke.1400",
              "1.19.9-gke.700",
              "1.19.9-gke.100",
              "1.19.8-gke.2000",
              "1.19.8-gke.1600",
              "1.19.8-gke.1000",
              "1.19.7-gke.2503",
              "1.19.7-gke.1500",
              "1.19.7-gke.1302",
              "1.19.7-gke.800",
              "1.19.6-gke.1700",
              "1.19.6-gke.1100",
              "1.19.6-gke.600",
              "1.18.20-gke.6101",
              "1.18.20-gke.6000",
              "1.18.20-gke.4501",
              "1.18.20-gke.4500",
              "1.18.20-gke.4100",
              "1.18.20-gke.3300",
              "1.18.20-gke.3001",
              "1.18.20-gke.3000",
              "1.18.20-gke.2300",
              "1.18.20-gke.901",
              "1.18.20-gke.900",
              "1.18.20-gke.501",
              "1.18.19-gke.2101",
              "1.18.19-gke.2100",
              "1.18.19-gke.1701",
              "1.18.19-gke.1700",
              "1.18.18-gke.1701",
              "1.18.18-gke.1700",
              "1.18.18-gke.1101",
              "1.18.18-gke.1100",
              "1.18.17-gke.1901",
              "1.18.17-gke.1900",
              "1.18.17-gke.1201",
              "1.18.17-gke.1200",
              "1.18.17-gke.700",
              "1.18.17-gke.100",
              "1.18.16-gke.2100",
              "1.18.16-gke.1201",
              "1.18.16-gke.1200",
              "1.18.16-gke.502",
              "1.18.16-gke.500",
              "1.18.16-gke.302",
              "1.18.16-gke.300",
              "1.18.15-gke.2500",
              "1.18.15-gke.1502",
              "1.18.15-gke.1501",
              "1.18.15-gke.1500",
              "1.18.15-gke.1102",
              "1.18.15-gke.1100",
              "1.18.15-gke.800",
              "1.18.14-gke.1600",
              "1.18.14-gke.1200",
              "1.18.12-gke.1210",
              "1.18.12-gke.1206",
              "1.18.12-gke.1205",
              "1.18.12-gke.1201",
              "1.18.12-gke.1200",
              "1.18.12-gke.300",
              "1.18.10-gke.2701",
              "1.18.10-gke.2101",
              "1.18.10-gke.1500",
              "1.18.10-gke.601",
              "1.18.9-gke.2501",
              "1.18.9-gke.1501",
              "1.18.9-gke.801",
              "1.18.6-gke.4801",
              "1.18.6-gke.3504",
              "1.18.6-gke.3503",
              "1.17.17-gke.9100",
              "1.17.17-gke.8500",
              "1.17.17-gke.8200",
              "1.17.17-gke.7800",
              "1.17.17-gke.7200",
              "1.17.17-gke.6700",
              "1.17.17-gke.6000",
              "1.17.17-gke.5400",
              "1.17.17-gke.4900",
              "1.17.17-gke.4400",
              "1.17.17-gke.3700",
              "1.17.17-gke.3000",
              "1.17.17-gke.2800",
              "1.17.17-gke.2500",
              "1.17.17-gke.1500",
              "1.17.17-gke.1101",
              "1.17.17-gke.1100",
              "1.17.17-gke.600",
              "1.17.16-gke.1600",
              "1.17.16-gke.1300",
              "1.17.15-gke.800",
              "1.17.15-gke.300",
              "1.17.14-gke.1600",
              "1.17.14-gke.1200",
              "1.17.14-gke.400",
              "1.17.13-gke.2600",
              "1.17.13-gke.2001",
              "1.17.13-gke.1401",
              "1.17.13-gke.1400",
              "1.17.13-gke.600",
              "1.17.12-gke.2502",
              "1.17.12-gke.1504",
              "1.17.12-gke.1501",
              "1.17.12-gke.500",
              "1.17.9-gke.6300",
              "1.17.9-gke.1504",
              "1.16.15-gke.14800",
              "1.16.15-gke.12500",
              "1.16.15-gke.11800",
              "1.16.15-gke.10600",
              "1.16.15-gke.7801",
              "1.16.15-gke.7800",
              "1.16.15-gke.7300",
              "1.16.15-gke.6900",
              "1.16.15-gke.6000",
              "1.16.15-gke.5500",
              "1.16.15-gke.4901",
              "1.16.15-gke.4301",
              "1.16.15-gke.4300",
              "1.16.15-gke.3500",
              "1.16.15-gke.2601",
              "1.16.15-gke.1600",
              "1.16.15-gke.500",
              "1.16.13-gke.404",
              "1.16.13-gke.403",
              "1.16.13-gke.401",
              "1.16.13-gke.400",
              "1.16.13-gke.1",
              "1.16.11-gke.5",
              "1.16.10-gke.8",
              "1.16.9-gke.6",
              "1.16.9-gke.2",
              "1.16.8-gke.15",
              "1.16.8-gke.12",
              "1.16.8-gke.9",
              "1.15.12-gke.6002",
              "1.15.12-gke.6001",
              "1.15.12-gke.5000",
              "1.15.12-gke.4002",
              "1.15.12-gke.4000",
              "1.15.12-gke.20",
              "1.15.12-gke.17",
              "1.15.12-gke.16",
              "1.15.12-gke.13",
              "1.15.12-gke.9",
              "1.15.12-gke.6",
              "1.15.12-gke.3",
              "1.15.12-gke.2",
              "1.15.11-gke.17",
              "1.15.11-gke.15",
              "1.15.11-gke.13",
              "1.15.11-gke.12",
              "1.15.11-gke.11",
              "1.15.11-gke.9",
              "1.15.11-gke.5",
              "1.15.11-gke.3",
              "1.15.11-gke.1",
              "1.15.9-gke.26",
              "1.15.9-gke.24",
              "1.15.9-gke.22",
              "1.15.9-gke.12",
              "1.15.9-gke.9",
              "1.15.9-gke.8",
              "1.15.8-gke.3",
              "1.15.8-gke.2",
              "1.15.7-gke.23",
              "1.15.7-gke.2",
              "1.15.4-gke.22",
              "1.14.10-gke.1504",
              "1.14.10-gke.902",
              "1.14.10-gke.50",
              "1.14.10-gke.46",
              "1.14.10-gke.45",
              "1.14.10-gke.42",
              "1.14.10-gke.41",
              "1.14.10-gke.40",
              "1.14.10-gke.37",
              "1.14.10-gke.36",
              "1.14.10-gke.34",
              "1.14.10-gke.32",
              "1.14.10-gke.31",
              "1.14.10-gke.27",
              "1.14.10-gke.24",
              "1.14.10-gke.22",
              "1.14.10-gke.21",
              "1.14.10-gke.17",
              "1.14.10-gke.0",
              "1.14.9-gke.23",
              "1.14.9-gke.2",
              "1.14.9-gke.0",
              "1.14.8-gke.33",
              "1.14.8-gke.21",
              "1.14.8-gke.18",
              "1.14.8-gke.17",
              "1.14.8-gke.14",
              "1.14.8-gke.12",
              "1.14.8-gke.7",
              "1.14.8-gke.2",
              "1.14.7-gke.40",
              "1.14.7-gke.25",
              "1.14.7-gke.23",
              "1.14.7-gke.17",
              "1.14.7-gke.14",
              "1.14.7-gke.10",
              "1.14.6-gke.13",
              "1.14.6-gke.2",
              "1.14.6-gke.1",
              "1.14.3-gke.11",
              "1.14.3-gke.10",
              "1.14.3-gke.9",
              "1.14.2-gke.9",
              "1.14.1-gke.5",
              "1.13.12-gke.30",
              "1.13.12-gke.25",
              "1.13.12-gke.17",
              "1.13.12-gke.16",
              "1.13.12-gke.14",
              "1.13.12-gke.13",
              "1.13.12-gke.10",
              "1.13.12-gke.8",
              "1.13.12-gke.4",
              "1.13.12-gke.2",
              "1.13.11-gke.23",
              "1.13.11-gke.15",
              "1.13.11-gke.14",
              "1.13.11-gke.12",
              "1.13.11-gke.11",
              "1.13.11-gke.9",
              "1.13.11-gke.5",
              "1.13.10-gke.7",
              "1.13.10-gke.0",
              "1.13.9-gke.11",
              "1.13.9-gke.3",
              "1.13.7-gke.24",
              "1.13.7-gke.19",
              "1.13.7-gke.15",
              "1.13.7-gke.8",
              "1.13.7-gke.0",
              "1.13.6-gke.13",
              "1.13.6-gke.6",
              "1.13.6-gke.5",
              "1.13.6-gke.0",
              "1.13.5-gke.10",
              "1.12.10-gke.22",
              "1.12.10-gke.20",
              "1.12.10-gke.19",
              "1.12.10-gke.18",
              "1.12.10-gke.17",
              "1.12.10-gke.15",
              "1.12.10-gke.13",
              "1.12.10-gke.11",
              "1.12.10-gke.5",
              "1.12.9-gke.16",
              "1.12.9-gke.15",
              "1.12.9-gke.13",
              "1.12.9-gke.10",
              "1.12.9-gke.7",
              "1.12.9-gke.3",
              "1.12.8-gke.12",
              "1.12.8-gke.10",
              "1.12.8-gke.7",
              "1.12.8-gke.6",
              "1.12.7-gke.26",
              "1.12.7-gke.25",
              "1.12.7-gke.24",
              "1.12.7-gke.22",
              "1.12.7-gke.21",
              "1.12.7-gke.17",
              "1.12.7-gke.10",
              "1.12.7-gke.7",
              "1.12.6-gke.11",
              "1.12.6-gke.10",
              "1.12.6-gke.7",
              "1.12.5-gke.10",
              "1.12.5-gke.5",
              "1.11.10-gke.6",
              "1.11.10-gke.5"
            ],
            "version_prefix": null
          },
          "sensitive_attributes": []
        }
      ]
    },
    {
      "module": "module.gke",
      "mode": "data",
      "type": "google_container_engine_versions",
      "name": "zone",
      "provider": "provider[\"registry.terraform.io/hashicorp/google\"]",
      "instances": [
        {
          "schema_version": 0,
          "attributes": {
            "default_cluster_version": "1.22.11-gke.400",
            "id": "2022-09-16 19:17:09.4311861 +0000 UTC",
            "latest_master_version": "1.24.3-gke.2100",
            "latest_node_version": "1.24.3-gke.2100",
            "location": "us-central1-a",
            "project": "keyproject-362417",
            "release_channel_default_version": {
              "RAPID": "1.24.3-gke.200",
              "REGULAR": "1.22.11-gke.400",
              "STABLE": "1.21.14-gke.700"
            },
            "valid_master_versions": [
              "1.24.3-gke.2100",
              "1.24.3-gke.900",
              "1.24.3-gke.200",
              "1.24.2-gke.1900",
              "1.23.9-gke.2100",
              "1.23.9-gke.900",
              "1.23.8-gke.1900",
              "1.22.12-gke.2300",
              "1.22.12-gke.1200",
              "1.22.12-gke.500",
              "1.22.12-gke.300",
              "1.22.11-gke.400",
              "1.22.10-gke.600",
              "1.21.14-gke.4300",
              "1.21.14-gke.3000",
              "1.21.14-gke.2700",
              "1.21.14-gke.2100",
              "1.21.14-gke.700",
              "1.21.13-gke.900",
              "1.20.15-gke.13700",
              "1.20.15-gke.13400",
              "1.20.15-gke.12800",
              "1.20.15-gke.11400"
            ],
            "valid_node_versions": [
              "1.24.3-gke.2100",
              "1.24.3-gke.900",
              "1.24.3-gke.200",
              "1.24.2-gke.1900",
              "1.24.2-gke.300",
              "1.24.1-gke.1800",
              "1.24.1-gke.1400",
              "1.23.9-gke.2100",
              "1.23.9-gke.900",
              "1.23.8-gke.1900",
              "1.23.8-gke.400",
              "1.23.7-gke.1400",
              "1.23.6-gke.2200",
              "1.23.6-gke.1700",
              "1.23.6-gke.1501",
              "1.23.6-gke.1500",
              "1.23.5-gke.2400",
              "1.23.5-gke.1503",
              "1.23.5-gke.1501",
              "1.22.12-gke.2300",
              "1.22.12-gke.1200",
              "1.22.12-gke.500",
              "1.22.12-gke.300",
              "1.22.11-gke.400",
              "1.22.10-gke.600",
              "1.22.9-gke.2000",
              "1.22.9-gke.1500",
              "1.22.9-gke.1300",
              "1.22.8-gke.2200",
              "1.22.8-gke.202",
              "1.22.8-gke.201",
              "1.22.8-gke.200",
              "1.22.7-gke.1500",
              "1.22.7-gke.1300",
              "1.22.7-gke.900",
              "1.22.7-gke.300",
              "1.22.6-gke.1000",
              "1.22.6-gke.300",
              "1.22.4-gke.1501",
              "1.22.3-gke.1500",
              "1.21.14-gke.4300",
              "1.21.14-gke.3000",
              "1.21.14-gke.2700",
              "1.21.14-gke.2100",
              "1.21.14-gke.700",
              "1.21.13-gke.900",
              "1.21.12-gke.2200",
              "1.21.12-gke.1700",
              "1.21.12-gke.1500",
              "1.21.11-gke.1900",
              "1.21.11-gke.1100",
              "1.21.11-gke.900",
              "1.21.10-gke.2000",
              "1.21.10-gke.1500",
              "1.21.10-gke.1300",
              "1.21.10-gke.400",
              "1.21.9-gke.1002",
              "1.21.9-gke.1001",
              "1.21.9-gke.1000",
              "1.21.9-gke.300",
              "1.21.6-gke.1503",
              "1.21.6-gke.1501",
              "1.21.6-gke.1500",
              "1.21.5-gke.1805",
              "1.21.5-gke.1802",
              "1.21.5-gke.1302",
              "1.21.5-gke.1300",
              "1.21.4-gke.2302",
              "1.21.4-gke.2300",
              "1.21.3-gke.2003",
              "1.21.3-gke.2001",
              "1.20.15-gke.13700",
              "1.20.15-gke.13400",
              "1.20.15-gke.12800",
              "1.20.15-gke.11400",
              "1.20.15-gke.9900",
              "1.20.15-gke.8700",
              "1.20.15-gke.8200",
              "1.20.15-gke.8000",
              "1.20.15-gke.6000",
              "1.20.15-gke.5200",
              "1.20.15-gke.5000",
              "1.20.15-gke.4100",
              "1.20.15-gke.3600",
              "1.20.15-gke.3400",
              "1.20.15-gke.2500",
              "1.20.15-gke.1000",
              "1.20.15-gke.300",
              "1.20.12-gke.1500",
              "1.20.11-gke.1801",
              "1.20.11-gke.1300",
              "1.20.10-gke.2100",
              "1.20.10-gke.1600",
              "1.20.10-gke.301",
              "1.20.9-gke.2100",
              "1.20.9-gke.1001",
              "1.20.9-gke.1000",
              "1.20.9-gke.701",
              "1.20.9-gke.700",
              "1.20.8-gke.2101",
              "1.20.8-gke.2100",
              "1.20.8-gke.900",
              "1.20.8-gke.700",
              "1.20.7-gke.2200",
              "1.20.7-gke.1800",
              "1.20.6-gke.1400",
              "1.20.6-gke.1000",
              "1.19.16-gke.15700",
              "1.19.16-gke.14500",
              "1.19.16-gke.14000",
              "1.19.16-gke.13800",
              "1.19.16-gke.11800",
              "1.19.16-gke.11000",
              "1.19.16-gke.10800",
              "1.19.16-gke.9900",
              "1.19.16-gke.9400",
              "1.19.16-gke.9200",
              "1.19.16-gke.8300",
              "1.19.16-gke.6800",
              "1.19.16-gke.6100",
              "1.19.16-gke.3600",
              "1.19.15-gke.1801",
              "1.19.15-gke.1300",
              "1.19.15-gke.500",
              "1.19.14-gke.2300",
              "1.19.14-gke.1900",
              "1.19.14-gke.301",
              "1.19.14-gke.300",
              "1.19.13-gke.1900",
              "1.19.13-gke.1200",
              "1.19.13-gke.701",
              "1.19.13-gke.700",
              "1.19.12-gke.2101",
              "1.19.12-gke.2100",
              "1.19.12-gke.1100",
              "1.19.12-gke.900",
              "1.19.12-gke.700",
              "1.19.11-gke.2101",
              "1.19.11-gke.2100",
              "1.19.11-gke.1701",
              "1.19.11-gke.1700",
              "1.19.10-gke.1701",
              "1.19.10-gke.1700",
              "1.19.10-gke.1601",
              "1.19.10-gke.1600",
              "1.19.10-gke.1001",
              "1.19.10-gke.1000",
              "1.19.9-gke.1900",
              "1.19.9-gke.1400",
              "1.19.9-gke.700",
              "1.19.9-gke.100",
              "1.19.8-gke.2000",
              "1.19.8-gke.1600",
              "1.19.8-gke.1000",
              "1.19.7-gke.2503",
              "1.19.7-gke.1500",
              "1.19.7-gke.1302",
              "1.19.7-gke.800",
              "1.19.6-gke.1700",
              "1.19.6-gke.1100",
              "1.19.6-gke.600",
              "1.18.20-gke.6101",
              "1.18.20-gke.6000",
              "1.18.20-gke.4501",
              "1.18.20-gke.4500",
              "1.18.20-gke.4100",
              "1.18.20-gke.3300",
              "1.18.20-gke.3001",
              "1.18.20-gke.3000",
              "1.18.20-gke.2300",
              "1.18.20-gke.901",
              "1.18.20-gke.900",
              "1.18.20-gke.501",
              "1.18.19-gke.2101",
              "1.18.19-gke.2100",
              "1.18.19-gke.1701",
              "1.18.19-gke.1700",
              "1.18.18-gke.1701",
              "1.18.18-gke.1700",
              "1.18.18-gke.1101",
              "1.18.18-gke.1100",
              "1.18.17-gke.1901",
              "1.18.17-gke.1900",
              "1.18.17-gke.1201",
              "1.18.17-gke.1200",
              "1.18.17-gke.700",
              "1.18.17-gke.100",
              "1.18.16-gke.2100",
              "1.18.16-gke.1201",
              "1.18.16-gke.1200",
              "1.18.16-gke.502",
              "1.18.16-gke.500",
              "1.18.16-gke.302",
              "1.18.16-gke.300",
              "1.18.15-gke.2500",
              "1.18.15-gke.1502",
              "1.18.15-gke.1501",
              "1.18.15-gke.1500",
              "1.18.15-gke.1102",
              "1.18.15-gke.1100",
              "1.18.15-gke.800",
              "1.18.14-gke.1600",
              "1.18.14-gke.1200",
              "1.18.12-gke.1210",
              "1.18.12-gke.1206",
              "1.18.12-gke.1205",
              "1.18.12-gke.1201",
              "1.18.12-gke.1200",
              "1.18.12-gke.300",
              "1.18.10-gke.2701",
              "1.18.10-gke.2101",
              "1.18.10-gke.1500",
              "1.18.10-gke.601",
              "1.18.9-gke.2501",
              "1.18.9-gke.1501",
              "1.18.9-gke.801",
              "1.18.6-gke.4801",
              "1.18.6-gke.3504",
              "1.18.6-gke.3503",
              "1.17.17-gke.9100",
              "1.17.17-gke.8500",
              "1.17.17-gke.8200",
              "1.17.17-gke.7800",
              "1.17.17-gke.7200",
              "1.17.17-gke.6700",
              "1.17.17-gke.6000",
              "1.17.17-gke.5400",
              "1.17.17-gke.4900",
              "1.17.17-gke.4400",
              "1.17.17-gke.3700",
              "1.17.17-gke.3000",
              "1.17.17-gke.2800",
              "1.17.17-gke.2500",
              "1.17.17-gke.1500",
              "1.17.17-gke.1101",
              "1.17.17-gke.1100",
              "1.17.17-gke.600",
              "1.17.16-gke.1600",
              "1.17.16-gke.1300",
              "1.17.15-gke.800",
              "1.17.15-gke.300",
              "1.17.14-gke.1600",
              "1.17.14-gke.1200",
              "1.17.14-gke.400",
              "1.17.13-gke.2600",
              "1.17.13-gke.2001",
              "1.17.13-gke.1401",
              "1.17.13-gke.1400",
              "1.17.13-gke.600",
              "1.17.12-gke.2502",
              "1.17.12-gke.1504",
              "1.17.12-gke.1501",
              "1.17.12-gke.500",
              "1.17.9-gke.6300",
              "1.17.9-gke.1504",
              "1.16.15-gke.14800",
              "1.16.15-gke.12500",
              "1.16.15-gke.11800",
              "1.16.15-gke.10600",
              "1.16.15-gke.7801",
              "1.16.15-gke.7800",
              "1.16.15-gke.7300",
              "1.16.15-gke.6900",
              "1.16.15-gke.6000",
              "1.16.15-gke.5500",
              "1.16.15-gke.4901",
              "1.16.15-gke.4301",
              "1.16.15-gke.4300",
              "1.16.15-gke.3500",
              "1.16.15-gke.2601",
              "1.16.15-gke.1600",
              "1.16.15-gke.500",
              "1.16.13-gke.404",
              "1.16.13-gke.403",
              "1.16.13-gke.401",
              "1.16.13-gke.400",
              "1.16.13-gke.1",
              "1.16.11-gke.5",
              "1.16.10-gke.8",
              "1.16.9-gke.6",
              "1.16.9-gke.2",
              "1.16.8-gke.15",
              "1.16.8-gke.12",
              "1.16.8-gke.9",
              "1.15.12-gke.6002",
              "1.15.12-gke.6001",
              "1.15.12-gke.5000",
              "1.15.12-gke.4002",
              "1.15.12-gke.4000",
              "1.15.12-gke.20",
              "1.15.12-gke.17",
              "1.15.12-gke.16",
              "1.15.12-gke.13",
              "1.15.12-gke.9",
              "1.15.12-gke.6",
              "1.15.12-gke.3",
              "1.15.12-gke.2",
              "1.15.11-gke.17",
              "1.15.11-gke.15",
              "1.15.11-gke.13",
              "1.15.11-gke.12",
              "1.15.11-gke.11",
              "1.15.11-gke.9",
              "1.15.11-gke.5",
              "1.15.11-gke.3",
              "1.15.11-gke.1",
              "1.15.9-gke.26",
              "1.15.9-gke.24",
              "1.15.9-gke.22",
              "1.15.9-gke.12",
              "1.15.9-gke.9",
              "1.15.9-gke.8",
              "1.15.8-gke.3",
              "1.15.8-gke.2",
              "1.15.7-gke.23",
              "1.15.7-gke.2",
              "1.15.4-gke.22",
              "1.14.10-gke.1504",
              "1.14.10-gke.902",
              "1.14.10-gke.50",
              "1.14.10-gke.46",
              "1.14.10-gke.45",
              "1.14.10-gke.42",
              "1.14.10-gke.41",
              "1.14.10-gke.40",
              "1.14.10-gke.37",
              "1.14.10-gke.36",
              "1.14.10-gke.34",
              "1.14.10-gke.32",
              "1.14.10-gke.31",
              "1.14.10-gke.27",
              "1.14.10-gke.24",
              "1.14.10-gke.22",
              "1.14.10-gke.21",
              "1.14.10-gke.17",
              "1.14.10-gke.0",
              "1.14.9-gke.23",
              "1.14.9-gke.2",
              "1.14.9-gke.0",
              "1.14.8-gke.33",
              "1.14.8-gke.21",
              "1.14.8-gke.18",
              "1.14.8-gke.17",
              "1.14.8-gke.14",
              "1.14.8-gke.12",
              "1.14.8-gke.7",
              "1.14.8-gke.2",
              "1.14.7-gke.40",
              "1.14.7-gke.25",
              "1.14.7-gke.23",
              "1.14.7-gke.17",
              "1.14.7-gke.14",
              "1.14.7-gke.10",
              "1.14.6-gke.13",
              "1.14.6-gke.2",
              "1.14.6-gke.1",
              "1.14.3-gke.11",
              "1.14.3-gke.10",
              "1.14.3-gke.9",
              "1.14.2-gke.9",
              "1.14.1-gke.5",
              "1.13.12-gke.30",
              "1.13.12-gke.25",
              "1.13.12-gke.17",
              "1.13.12-gke.16",
              "1.13.12-gke.14",
              "1.13.12-gke.13",
              "1.13.12-gke.10",
              "1.13.12-gke.8",
              "1.13.12-gke.4",
              "1.13.12-gke.2",
              "1.13.11-gke.23",
              "1.13.11-gke.15",
              "1.13.11-gke.14",
              "1.13.11-gke.12",
              "1.13.11-gke.11",
              "1.13.11-gke.9",
              "1.13.11-gke.5",
              "1.13.10-gke.7",
              "1.13.10-gke.0",
              "1.13.9-gke.11",
              "1.13.9-gke.3",
              "1.13.7-gke.24",
              "1.13.7-gke.19",
              "1.13.7-gke.15",
              "1.13.7-gke.8",
              "1.13.7-gke.0",
              "1.13.6-gke.13",
              "1.13.6-gke.6",
              "1.13.6-gke.5",
              "1.13.6-gke.0",
              "1.13.5-gke.10",
              "1.12.10-gke.22",
              "1.12.10-gke.20",
              "1.12.10-gke.19",
              "1.12.10-gke.18",
              "1.12.10-gke.17",
              "1.12.10-gke.15",
              "1.12.10-gke.13",
              "1.12.10-gke.11",
              "1.12.10-gke.5",
              "1.12.9-gke.16",
              "1.12.9-gke.15",
              "1.12.9-gke.13",
              "1.12.9-gke.10",
              "1.12.9-gke.7",
              "1.12.9-gke.3",
              "1.12.8-gke.12",
              "1.12.8-gke.10",
              "1.12.8-gke.7",
              "1.12.8-gke.6",
              "1.12.7-gke.26",
              "1.12.7-gke.25",
              "1.12.7-gke.24",
              "1.12.7-gke.22",
              "1.12.7-gke.21",
              "1.12.7-gke.17",
              "1.12.7-gke.10",
              "1.12.7-gke.7",
              "1.12.6-gke.11",
              "1.12.6-gke.10",
              "1.12.6-gke.7",
              "1.12.5-gke.10",
              "1.12.5-gke.5",
              "1.11.10-gke.6",
              "1.11.10-gke.5"
            ],
            "version_prefix": null
          },
          "sensitive_attributes": []
        }
      ]
    },
    {
      "module": "module.gke",
      "mode": "managed",
      "type": "google_container_cluster",
      "name": "primary",
      "provider": "provider[\"registry.terraform.io/hashicorp/google\"]",
      "instances": [
        {
          "schema_version": 1,
          "attributes": {
            "addons_config": [
              {
                "cloudrun_config": [],
                "dns_cache_config": [
                  {
                    "enabled": false
                  }
                ],
                "gce_persistent_disk_csi_driver_config": [
                  {
                    "enabled": true
                  }
                ],
                "gcp_filestore_csi_driver_config": [
                  {
                    "enabled": false
                  }
                ],
                "horizontal_pod_autoscaling": [
                  {
                    "disabled": false
                  }
                ],
                "http_load_balancing": [
                  {
                    "disabled": true
                  }
                ],
                "network_policy_config": [
                  {
                    "disabled": true
                  }
                ]
              }
            ],
            "authenticator_groups_config": [],
            "binary_authorization": [
              {
                "enabled": false,
                "evaluation_mode": ""
              }
            ],
            "cluster_autoscaling": [
              {
                "auto_provisioning_defaults": [],
                "enabled": false,
                "resource_limits": []
              }
            ],
            "cluster_ipv4_cidr": "10.16.0.0/14",
            "confidential_nodes": [],
            "database_encryption": [
              {
                "key_name": "",
                "state": "DECRYPTED"
              }
            ],
            "datapath_provider": "",
            "default_max_pods_per_node": 110,
            "default_snat_status": [
              {
                "disabled": false
              }
            ],
            "description": "",
            "dns_config": [],
            "enable_autopilot": false,
            "enable_binary_authorization": false,
            "enable_intranode_visibility": false,
            "enable_kubernetes_alpha": false,
            "enable_legacy_abac": false,
            "enable_shielded_nodes": true,
            "enable_tpu": false,
            "endpoint": "35.184.183.66",
            "id": "projects/keyproject-362417/locations/us-central1/clusters/key-gke-dev",
            "initial_node_count": 0,
            "ip_allocation_policy": [
              {
                "cluster_ipv4_cidr_block": "10.16.0.0/14",
                "cluster_secondary_range_name": "gke-key-gke-dev-pods-87eb8401",
                "services_ipv4_cidr_block": "10.20.0.0/20",
                "services_secondary_range_name": "gke-key-gke-dev-services-87eb8401"
              }
            ],
            "label_fingerprint": "a9dc16a7",
            "location": "us-central1",
            "logging_config": [
              {
                "enable_components": [
                  "SYSTEM_COMPONENTS",
                  "WORKLOADS"
                ]
              }
            ],
            "logging_service": "logging.googleapis.com/kubernetes",
            "maintenance_policy": [
              {
                "daily_maintenance_window": [
                  {
                    "duration": "PT4H0M0S",
                    "start_time": "05:00"
                  }
                ],
                "maintenance_exclusion": [],
                "recurring_window": []
              }
            ],
            "master_auth": [
              {
                "client_certificate": "",
                "client_certificate_config": [
                  {
                    "issue_client_certificate": false
                  }
                ],
                "client_key": "",
                "cluster_ca_certificate": "LS0tLS1CRUdJTiBDRVJUSUZJQ0FURS0tLS0tCk1JSUVMVENDQXBXZ0F3SUJBZ0lSQUoyMlRBQy9uRklWbUNEcEFWOXJTeVV3RFFZSktvWklodmNOQVFFTEJRQXcKTHpFdE1Dc0dBMVVFQXhNa09XUTBNRFZqWlRZdE9URTRNUzAwWmprMExUa3lZelF0TkdFMk1EQm1NVFl5TWpNMQpNQ0FYRFRJeU1Ea3hOakU0TVRjeU1Gb1lEekl3TlRJd09UQTRNVGt4TnpJd1dqQXZNUzB3S3dZRFZRUURFeVE1ClpEUXdOV05sTmkwNU1UZ3hMVFJtT1RRdE9USmpOQzAwWVRZd01HWXhOakl5TXpVd2dnR2lNQTBHQ1NxR1NJYjMKRFFFQkFRVUFBNElCandBd2dnR0tBb0lCZ1FEc0l5R2NlUUlvQUVvNFlaTUFhcUlwdmR3UkpPYjd1VW44NkpxbAowb0pRdWQyUTVxdW1tQzlBNXZwODBlZmowTTlqalNqb2V0WWNObUxKSjNPVHlWeUdJRjlsaE9nOUZCWjd5RjUvCjgvdlVhWGlrWXlzREJBVldhRitoMlFKMXlTc0lvNFNaTmVzY3lhQnFmZThmbFBWLzdEU09RWjJ3U1cvb3cxc0sKeWpiVHllNG5pWDZkYkJqVS8rd3FUVjU4dWR0Zm5BdFpkeVh2TTdIZUtON2lYbW9aajk0K3NvcFRlSFIyYk1zLwpVWi9raTEwOHdzL2lTQU5RajlUck00WVpMUnZ4Z3R3dlhnLzVsNkV6ZkRoU0UzaGlKWHpmcEh4QmdRdVA1WjB2CnloMFI0b3RLcjMwMERtQUFPUFh2SHNjK05GRGFXM1FMSFZHSXgwUmtueGlpTU1CMjFseVNJdGEzQk9xSDhtdlMKWFpyMFJKZFF5dkh2Q0pjRURPZFBsMzkydlI0R2toNEdzM0F0bS9iS2RTeHVWaHNIQXNXTjRLb0cxYkVnVEwrQgpWTVVKd1ZKV3NHZ0s1YTNyd0dKZFhqd3N1WU5ROEkxU1FkYWZjckNVSE4yUUxCR3hZZjRHcVFGUTJ2S25vY2pGCnFLWkliTTZTS25lS1lkNS9mMGRwenhFVjRrMENBd0VBQWFOQ01FQXdEZ1lEVlIwUEFRSC9CQVFEQWdJRU1BOEcKQTFVZEV3RUIvd1FGTUFNQkFmOHdIUVlEVlIwT0JCWUVGQS9XeUFCNDFGK3ZZNlU0ZXdBODlMUGt2bFVYTUEwRwpDU3FHU0liM0RRRUJDd1VBQTRJQmdRQnFHWDJCc3pxMi9VUVVmQnc0VVlwQzlSaTYyVFlQVk9nRGRQbWN4T1Z3CmNiZU5zMVJsR2xrSGNJRW1hZXFwUm1tN1J4bWpGZUlMbEtTcEh3S1dnWVduRTRJYUphWXZYMXRjK09uYTFoS28KQmVFSHZIcm05d1pTRmhyVm1kdkZpY1RCN01KdUpaUTY5VnVyQ2lRNE1qWDBBUi9HWUhwbnVuOVR2ZzlYTEcvZgphZkV5N0N3VEh1UEFBZ253YWQ3N0dzMzJqWDNIempPeCtjNUxjcHpMb2FoWjFJMVczUHU0d3RJY1kycytXM3l2CnM1SHF2VGNRZ2FlNVpRNWl1ZjZlR1BXdzVvYUUxcVVHWmZtd1NxaW9BT1pLd0dYTTlqME81MEtDSldieFlNRk8KWmxvSUU1U3E0TDdzcFRmdDRvS24rRWxpN3o4ZDFiOFl6OUhlaEZNMnprZDdtQW10Sk9waURGZlhFcHlTRFZ3MQp2K2NFekNBcVI1Q1R4T3E5U0I3MXQxdU5QOUNvNk9IV3dCamlyS25NSnlGTkVsUTRSWkdIejJVSjk2Z3ZPei93CnVUVG1XaFVCMnVtbTh2TVNWUnhjT2dOeGlqN29oS09ZSk81RFh1Z28xYTFuaW8yL3o2VEg3U1Evayt2cGxqbTUKZVRTSFBoM1BNK3VIdWVHcmttNGVPNWs9Ci0tLS0tRU5EIENFUlRJRklDQVRFLS0tLS0K"
              }
            ],
            "master_authorized_networks_config": [],
            "master_version": "1.24.3-gke.2100",
            "mesh_certificates": [],
            "min_master_version": "1.24.3-gke.2100",
            "monitoring_config": [
              {
                "enable_components": [
                  "SYSTEM_COMPONENTS"
                ]
              }
            ],
            "monitoring_service": "monitoring.googleapis.com/kubernetes",
            "name": "key-gke-dev",
            "network": "projects/keyproject-362417/global/networks/default",
            "network_policy": [
              {
                "enabled": false,
                "provider": "PROVIDER_UNSPECIFIED"
              }
            ],
            "networking_mode": "VPC_NATIVE",
            "node_config": [
              {
                "boot_disk_kms_key": "",
                "disk_size_gb": 100,
                "disk_type": "pd-balanced",
                "gcfs_config": [],
                "guest_accelerator": [],
                "gvnic": [],
                "image_type": "COS_CONTAINERD",
                "labels": {},
                "local_ssd_count": 0,
                "machine_type": "e2-medium",
                "metadata": {
                  "disable-legacy-endpoints": "true"
                },
                "min_cpu_platform": "",
                "node_group": "",
                "oauth_scopes": [
                  "https://www.googleapis.com/auth/logging.write",
                  "https://www.googleapis.com/auth/monitoring"
                ],
                "preemptible": false,
                "reservation_affinity": [],
                "service_account": "tf-gke-key-gke-dev-wiy0@keyproject-362417.iam.gserviceaccount.com",
                "shielded_instance_config": [
                  {
                    "enable_integrity_monitoring": true,
                    "enable_secure_boot": false
                  }
                ],
                "spot": false,
                "tags": [
                  "gke-key-gke-dev",
                  "gke-key-gke-dev-default-pool",
                  "default-node-pool"
                ],
                "taint": [],
                "workload_metadata_config": [
                  {
                    "mode": "GKE_METADATA"
                  }
                ]
              }
            ],
            "node_locations": [
              "us-central1-a",
              "us-central1-b",
              "us-central1-c"
            ],
            "node_pool": [
              {
                "autoscaling": [],
                "initial_node_count": 0,
                "instance_group_urls": [
                  "https://www.googleapis.com/compute/v1/projects/keyproject-362417/zones/us-central1-a/instanceGroupManagers/gke-key-gke-dev-default-pool-2c86c213-grp",
                  "https://www.googleapis.com/compute/v1/projects/keyproject-362417/zones/us-central1-b/instanceGroupManagers/gke-key-gke-dev-default-pool-be528ea8-grp",
                  "https://www.googleapis.com/compute/v1/projects/keyproject-362417/zones/us-central1-c/instanceGroupManagers/gke-key-gke-dev-default-pool-0b8c8caa-grp"
                ],
                "managed_instance_group_urls": [
                  "https://www.googleapis.com/compute/v1/projects/keyproject-362417/zones/us-central1-a/instanceGroups/gke-key-gke-dev-default-pool-2c86c213-grp",
                  "https://www.googleapis.com/compute/v1/projects/keyproject-362417/zones/us-central1-b/instanceGroups/gke-key-gke-dev-default-pool-be528ea8-grp",
                  "https://www.googleapis.com/compute/v1/projects/keyproject-362417/zones/us-central1-c/instanceGroups/gke-key-gke-dev-default-pool-0b8c8caa-grp"
                ],
                "management": [
                  {
                    "auto_repair": true,
                    "auto_upgrade": true
                  }
                ],
                "max_pods_per_node": 110,
                "name": "default-pool",
                "name_prefix": "",
                "node_config": [
                  {
                    "boot_disk_kms_key": "",
                    "disk_size_gb": 100,
                    "disk_type": "pd-balanced",
                    "gcfs_config": [],
                    "guest_accelerator": [],
                    "gvnic": [],
                    "image_type": "COS_CONTAINERD",
                    "labels": {},
                    "local_ssd_count": 0,
                    "machine_type": "e2-medium",
                    "metadata": {
                      "disable-legacy-endpoints": "true"
                    },
                    "min_cpu_platform": "",
                    "node_group": "",
                    "oauth_scopes": [
                      "https://www.googleapis.com/auth/logging.write",
                      "https://www.googleapis.com/auth/monitoring"
                    ],
                    "preemptible": false,
                    "reservation_affinity": [],
                    "service_account": "tf-gke-key-gke-dev-wiy0@keyproject-362417.iam.gserviceaccount.com",
                    "shielded_instance_config": [
                      {
                        "enable_integrity_monitoring": true,
                        "enable_secure_boot": false
                      }
                    ],
                    "spot": false,
                    "tags": [
                      "gke-key-gke-dev",
                      "gke-key-gke-dev-default-pool",
                      "default-node-pool"
                    ],
                    "taint": [],
                    "workload_metadata_config": [
                      {
                        "mode": "GKE_METADATA"
                      }
                    ]
                  }
                ],
                "node_count": 0,
                "node_locations": [
                  "us-central1-a",
                  "us-central1-b",
                  "us-central1-c"
                ],
                "upgrade_settings": [
                  {
                    "max_surge": 1,
                    "max_unavailable": 0
                  }
                ],
                "version": "1.24.3-gke.2100"
              }
            ],
            "node_version": "1.24.3-gke.2100",
            "notification_config": [
              {
                "pubsub": [
                  {
                    "enabled": false,
                    "topic": ""
                  }
                ]
              }
            ],
            "operation": null,
            "private_cluster_config": [],
            "private_ipv6_google_access": "",
            "project": "keyproject-362417",
            "release_channel": [
              {
                "channel": "UNSPECIFIED"
              }
            ],
            "remove_default_node_pool": false,
            "resource_labels": null,
            "resource_usage_export_config": [],
            "self_link": "https://container.googleapis.com/v1/projects/keyproject-362417/locations/us-central1/clusters/key-gke-dev",
            "service_external_ips_config": [
              {
                "enabled": false
              }
            ],
            "services_ipv4_cidr": "10.20.0.0/20",
            "subnetwork": "projects/keyproject-362417/regions/us-central1/subnetworks/default",
            "timeouts": {
              "create": "45m",
              "delete": "45m",
              "read": null,
              "update": "45m"
            },
            "tpu_ipv4_cidr_block": "",
            "vertical_pod_autoscaling": [
              {
                "enabled": false
              }
            ],
            "workload_identity_config": [
              {
                "workload_pool": "keyproject-362417.svc.id.goog"
              }
            ]
          },
          "sensitive_attributes": [],
          "private": "eyJlMmJmYjczMC1lY2FhLTExZTYtOGY4OC0zNDM2M2JjN2M0YzAiOnsiY3JlYXRlIjoyNzAwMDAwMDAwMDAwLCJkZWxldGUiOjI3MDAwMDAwMDAwMDAsInJlYWQiOjI0MDAwMDAwMDAwMDAsInVwZGF0ZSI6MjcwMDAwMDAwMDAwMH0sInNjaGVtYV92ZXJzaW9uIjoiMSJ9",
          "dependencies": [
            "module.gke.data.google_compute_zones.available",
            "module.gke.data.google_container_engine_versions.region",
            "module.gke.data.google_container_engine_versions.zone",
            "module.gke.google_service_account.cluster_service_account",
            "module.gke.random_shuffle.available_zones",
            "module.gke.random_string.cluster_service_account_suffix"
          ]
        }
      ]
    },
    {
      "module": "module.gke",
      "mode": "managed",
      "type": "google_container_node_pool",
      "name": "pools",
      "provider": "provider[\"registry.terraform.io/hashicorp/google\"]",
      "instances": [
        {
          "index_key": "default-node-pool",
          "schema_version": 1,
          "attributes": {
            "autoscaling": [
              {
                "location_policy": "",
                "max_node_count": 2,
                "min_node_count": 1,
                "total_max_node_count": 0,
                "total_min_node_count": 0
              }
            ],
            "cluster": "key-gke-dev",
            "id": "projects/keyproject-362417/locations/us-central1/clusters/key-gke-dev/nodePools/default-node-pool",
            "initial_node_count": 1,
            "instance_group_urls": [
              "https://www.googleapis.com/compute/v1/projects/keyproject-362417/zones/us-central1-b/instanceGroupManagers/gke-key-gke-dev-default-node-pool-4e90e0d9-grp",
              "https://www.googleapis.com/compute/v1/projects/keyproject-362417/zones/us-central1-c/instanceGroupManagers/gke-key-gke-dev-default-node-pool-0a7a02a6-grp"
            ],
            "location": "us-central1",
            "managed_instance_group_urls": [
              "https://www.googleapis.com/compute/v1/projects/keyproject-362417/zones/us-central1-b/instanceGroups/gke-key-gke-dev-default-node-pool-4e90e0d9-grp",
              "https://www.googleapis.com/compute/v1/projects/keyproject-362417/zones/us-central1-c/instanceGroups/gke-key-gke-dev-default-node-pool-0a7a02a6-grp"
            ],
            "management": [
              {
                "auto_repair": true,
                "auto_upgrade": true
              }
            ],
            "max_pods_per_node": 110,
            "name": "default-node-pool",
            "name_prefix": "",
            "node_config": [
              {
                "boot_disk_kms_key": "",
                "disk_size_gb": 10,
                "disk_type": "pd-standard",
                "gcfs_config": [],
                "guest_accelerator": [],
                "gvnic": [],
                "image_type": "COS_CONTAINERD",
                "labels": {
                  "cluster_name": "key-gke-dev",
                  "default-node-pool": "true",
                  "node_pool": "default-node-pool"
                },
                "local_ssd_count": 0,
                "machine_type": "e2-medium",
                "metadata": {
                  "cluster_name": "key-gke-dev",
                  "disable-legacy-endpoints": "true",
                  "node-pool-metadata-custom-value": "my-node-pool",
                  "node_pool": "default-node-pool"
                },
                "min_cpu_platform": "",
                "node_group": "",
                "oauth_scopes": [
                  "https://www.googleapis.com/auth/logging.write",
                  "https://www.googleapis.com/auth/monitoring"
                ],
                "preemptible": false,
                "reservation_affinity": [],
                "service_account": "tf-gke-key-gke-dev-wiy0@keyproject-362417.iam.gserviceaccount.com",
                "shielded_instance_config": [
                  {
                    "enable_integrity_monitoring": true,
                    "enable_secure_boot": false
                  }
                ],
                "spot": false,
                "tags": [
                  "gke-key-gke-dev",
                  "gke-key-gke-dev-default-node-pool",
                  "default-node-pool"
                ],
                "taint": [],
                "workload_metadata_config": [
                  {
                    "mode": "GKE_METADATA"
                  }
                ]
              }
            ],
            "node_count": 1,
            "node_locations": [
              "us-central1-b",
              "us-central1-c"
            ],
            "operation": null,
            "project": "keyproject-362417",
            "timeouts": {
              "create": "45m",
              "delete": "45m",
              "update": "45m"
            },
            "upgrade_settings": [
              {
                "max_surge": 1,
                "max_unavailable": 0
              }
            ],
            "version": "1.24.3-gke.2100"
          },
          "sensitive_attributes": [],
          "private": "eyJlMmJmYjczMC1lY2FhLTExZTYtOGY4OC0zNDM2M2JjN2M0YzAiOnsiY3JlYXRlIjoyNzAwMDAwMDAwMDAwLCJkZWxldGUiOjI3MDAwMDAwMDAwMDAsInVwZGF0ZSI6MjcwMDAwMDAwMDAwMH0sInNjaGVtYV92ZXJzaW9uIjoiMSJ9",
          "dependencies": [
            "module.gke.data.google_compute_zones.available",
            "module.gke.data.google_container_engine_versions.region",
            "module.gke.data.google_container_engine_versions.zone",
            "module.gke.google_container_cluster.primary",
            "module.gke.google_service_account.cluster_service_account",
            "module.gke.random_shuffle.available_zones",
            "module.gke.random_string.cluster_service_account_suffix"
          ]
        }
      ]
    },
    {
      "module": "module.gke",
      "mode": "managed",
      "type": "google_project_iam_member",
      "name": "cluster_service_account-metric_writer",
      "provider": "provider[\"registry.terraform.io/hashicorp/google\"]",
      "instances": []
    },
    {
      "module": "module.gke",
      "mode": "managed",
      "type": "google_project_iam_member",
      "name": "cluster_service_account-monitoring_viewer",
      "provider": "provider[\"registry.terraform.io/hashicorp/google\"]",
      "instances": []
    },
    {
      "module": "module.gke",
      "mode": "managed",
      "type": "google_project_iam_member",
      "name": "cluster_service_account-resourceMetadata-writer",
      "provider": "provider[\"registry.terraform.io/hashicorp/google\"]",
      "instances": []
    },
    {
      "module": "module.gke",
      "mode": "managed",
      "type": "google_service_account",
      "name": "cluster_service_account",
      "provider": "provider[\"registry.terraform.io/hashicorp/google\"]",
      "instances": [
        {
          "index_key": 0,
          "schema_version": 0,
          "attributes": {
            "account_id": "tf-gke-key-gke-dev-wiy0",
            "description": "",
            "disabled": false,
            "display_name": "Terraform-managed service account for cluster key-gke-dev",
            "email": "tf-gke-key-gke-dev-wiy0@keyproject-362417.iam.gserviceaccount.com",
            "id": "projects/keyproject-362417/serviceAccounts/tf-gke-key-gke-dev-wiy0@keyproject-362417.iam.gserviceaccount.com",
            "name": "projects/keyproject-362417/serviceAccounts/tf-gke-key-gke-dev-wiy0@keyproject-362417.iam.gserviceaccount.com",
            "project": "keyproject-362417",
            "timeouts": null,
            "unique_id": "106924092818106426482"
          },
          "sensitive_attributes": [],
          "private": "eyJlMmJmYjczMC1lY2FhLTExZTYtOGY4OC0zNDM2M2JjN2M0YzAiOnsiY3JlYXRlIjozMDAwMDAwMDAwMDB9fQ==",
          "dependencies": [
            "module.gke.random_string.cluster_service_account_suffix"
          ]
        }
      ]
    },
    {
      "module": "module.gke",
      "mode": "managed",
      "type": "random_shuffle",
      "name": "available_zones",
      "provider": "provider[\"registry.terraform.io/hashicorp/random\"]",
      "instances": [
        {
          "schema_version": 0,
          "attributes": {
            "id": "-",
            "input": [
              "us-central1-a",
              "us-central1-b",
              "us-central1-c",
              "us-central1-f"
            ],
            "keepers": null,
            "result": [
              "us-central1-b",
              "us-central1-c",
              "us-central1-f"
            ],
            "result_count": 3,
            "seed": null
          },
          "sensitive_attributes": [],
          "dependencies": [
            "module.gke.data.google_compute_zones.available"
          ]
        }
      ]
    },
    {
      "module": "module.gke",
      "mode": "managed",
      "type": "random_string",
      "name": "cluster_service_account_suffix",
      "provider": "provider[\"registry.terraform.io/hashicorp/random\"]",
      "instances": [
        {
          "schema_version": 2,
          "attributes": {
            "id": "wiy0",
            "keepers": null,
            "length": 4,
            "lower": true,
            "min_lower": 0,
            "min_numeric": 0,
            "min_special": 0,
            "min_upper": 0,
            "number": true,
            "numeric": true,
            "override_special": null,
            "result": "wiy0",
            "special": false,
            "upper": false
          },
          "sensitive_attributes": []
        }
      ]
    }
  ]
}
